
Microsoft Visual Studio Solution File, Format Version 12.00
# Visual Studio Version 16
VisualStudioVersion = 16.0.34031.81
MinimumVisualStudioVersion = 10.0.40219.1
Project("{FAE04EC0-301F-11D3-BF4B-00C04F79EFBC}") = "Lab-01", "Lab-01\Lab-01.csproj", "{9D644322-635A-4661-B125-46FA0321BB0E}"
EndProject
Global
	GlobalSection(SolutionConfigurationPlatforms) = preSolution
		Debug|Any CPU = Debug|Any CPU
		Release|Any CPU = Release|Any CPU
	EndGlobalSection
	GlobalSection(ProjectConfigurationPlatforms) = postSolution
		{9D644322-635A-4661-B125-46FA0321BB0E}.Debug|Any CPU.ActiveCfg = Debug|Any CPU
		{9D644322-635A-4661-B125-46FA0321BB0E}.Debug|Any CPU.Build.0 = Debug|Any CPU
		{9D644322-635A-4661-B125-46FA0321BB0E}.Release|Any CPU.ActiveCfg = Release|Any CPU
		{9D644322-635A-4661-B125-46FA0321BB0E}.Release|Any CPU.Build.0 = Release|Any CPU
	EndGlobalSection
	GlobalSection(SolutionProperties) = preSolution
		HideSolutionNode = FALSE
	EndGlobalSection
	GlobalSection(ExtensibilityGlobals) = postSolution
		SolutionGuid = {D60C6DC4-1287-48DA-9185-1260B153AE5A}
	EndGlobalSection
EndGlobal
